
Microsoft Visual Studio Solution File, Format Version 12.00
# Visual Studio Version 17
VisualStudioVersion = 17.0.32014.148
MinimumVisualStudioVersion = 10.0.40219.1
Project("{FAE04EC0-301F-11D3-BF4B-00C04F79EFBC}") = "ConsoleAppDeneme", "ConsoleAppDeneme\ConsoleAppDeneme.csproj", "{BA763BEF-0921-4BF7-A76D-D8F95BA3B32D}"
EndProject
Global
	GlobalSection(SolutionConfigurationPlatforms) = preSolution
		Debug|Any CPU = Debug|Any CPU
		Release|Any CPU = Release|Any CPU
	EndGlobalSection
	GlobalSection(ProjectConfigurationPlatforms) = postSolution
		{BA763BEF-0921-4BF7-A76D-D8F95BA3B32D}.Debug|Any CPU.ActiveCfg = Debug|Any CPU
		{BA763BEF-0921-4BF7-A76D-D8F95BA3B32D}.Debug|Any CPU.Build.0 = Debug|Any CPU
		{BA763BEF-0921-4BF7-A76D-D8F95BA3B32D}.Release|Any CPU.ActiveCfg = Release|Any CPU
		{BA763BEF-0921-4BF7-A76D-D8F95BA3B32D}.Release|Any CPU.Build.0 = Release|Any CPU
	EndGlobalSection
	GlobalSection(SolutionProperties) = preSolution
		HideSolutionNode = FALSE
	EndGlobalSection
	GlobalSection(ExtensibilityGlobals) = postSolution
		SolutionGuid = {55564F7B-AA18-4D50-9A37-00A9732033EA}
	EndGlobalSection
EndGlobal
