
Microsoft Visual Studio Solution File, Format Version 12.00
# Visual Studio Version 17
VisualStudioVersion = 17.0.32014.148
MinimumVisualStudioVersion = 10.0.40219.1
Project("{FAE04EC0-301F-11D3-BF4B-00C04F79EFBC}") = "Singleton", "Singleton\Singleton.csproj", "{A3C05A60-6A0C-4026-923F-93F6B2A47844}"
EndProject
Project("{FAE04EC0-301F-11D3-BF4B-00C04F79EFBC}") = "FactoryMethod", "FactoryMethod\FactoryMethod.csproj", "{03690C12-4B19-4F3F-9644-AEC30DBE61CA}"
EndProject
Project("{FAE04EC0-301F-11D3-BF4B-00C04F79EFBC}") = "AbstractFactory", "AbstractFactory\AbstractFactory.csproj", "{AEA1692A-5DCF-4F2F-948F-413D074FE382}"
EndProject
Project("{FAE04EC0-301F-11D3-BF4B-00C04F79EFBC}") = "Prototype", "Prototype\Prototype.csproj", "{EEDD1B08-44E7-44CC-AC32-E523C0A85778}"
EndProject
Project("{FAE04EC0-301F-11D3-BF4B-00C04F79EFBC}") = "Builder", "Builder\Builder.csproj", "{3DB6057B-B73F-41DA-B7A6-B4DA8FD63F77}"
EndProject
Project("{FAE04EC0-301F-11D3-BF4B-00C04F79EFBC}") = "Adapter", "Adapter\Adapter.csproj", "{95D2B0F2-5DCD-4E8C-9276-B33A001D8217}"
EndProject
Project("{FAE04EC0-301F-11D3-BF4B-00C04F79EFBC}") = "Facade", "Facade\Facade.csproj", "{AC75918F-71BC-46E8-8E02-3DDB89EF6D12}"
EndProject
Project("{FAE04EC0-301F-11D3-BF4B-00C04F79EFBC}") = "Composite", "Composite\Composite.csproj", "{93CD0A11-E6A6-485D-98CD-FEE7F04B2A23}"
EndProject
Project("{FAE04EC0-301F-11D3-BF4B-00C04F79EFBC}") = "Proxy", "Proxy\Proxy.csproj", "{B05145A5-2B3F-4C1E-8B87-8BFA41017BE1}"
EndProject
Project("{FAE04EC0-301F-11D3-BF4B-00C04F79EFBC}") = "Decorator", "Decorator\Decorator.csproj", "{5EA18AB4-81CD-46E1-B975-670507A3EEF6}"
EndProject
Project("{FAE04EC0-301F-11D3-BF4B-00C04F79EFBC}") = "Bridge", "Bridge\Bridge.csproj", "{54A7FB84-3D15-4159-8059-61705CFF2B89}"
EndProject
Project("{FAE04EC0-301F-11D3-BF4B-00C04F79EFBC}") = "Strategy", "Strategy\Strategy.csproj", "{604EF039-7F21-4987-9DE0-40069D6109DC}"
EndProject
Project("{FAE04EC0-301F-11D3-BF4B-00C04F79EFBC}") = "Observer", "Observer\Observer.csproj", "{2183FB3E-3A55-4F7F-A183-64AD0EFF302C}"
EndProject
Project("{FAE04EC0-301F-11D3-BF4B-00C04F79EFBC}") = "ChainOfReponsibility", "ChainOfReponsibility\ChainOfReponsibility.csproj", "{F3F84B71-40B9-4A6A-A00C-5D59A9BD58F8}"
EndProject
Project("{FAE04EC0-301F-11D3-BF4B-00C04F79EFBC}") = "Memento", "Memento\Memento.csproj", "{1D36AAC6-AB81-487C-8506-20B33CAB9A7E}"
EndProject
Project("{FAE04EC0-301F-11D3-BF4B-00C04F79EFBC}") = "Template", "Template\Template.csproj", "{F9CAFC19-F909-4863-8054-0D3E6C01FC73}"
EndProject
Project("{FAE04EC0-301F-11D3-BF4B-00C04F79EFBC}") = "State", "State\State.csproj", "{D0250532-A936-4F37-B5F4-7AFD2A57984B}"
EndProject
Project("{FAE04EC0-301F-11D3-BF4B-00C04F79EFBC}") = "Mediator", "Mediator\Mediator.csproj", "{1674BA51-9A12-434F-AE82-E2B68E357A69}"
EndProject
Project("{FAE04EC0-301F-11D3-BF4B-00C04F79EFBC}") = "Command", "Command\Command.csproj", "{77D863B4-285F-4EA9-B901-8D557EE82ADB}"
EndProject
Project("{FAE04EC0-301F-11D3-BF4B-00C04F79EFBC}") = "Visitor", "Visitor\Visitor.csproj", "{B793958A-597A-498E-9AA0-2E6D5B714871}"
EndProject
Project("{FAE04EC0-301F-11D3-BF4B-00C04F79EFBC}") = "DependencyInjection", "DependencyInjection\DependencyInjection.csproj", "{7EA1BF53-E11E-48D1-B8D4-9864D716E1A3}"
EndProject
Project("{FAE04EC0-301F-11D3-BF4B-00C04F79EFBC}") = "NullObject", "NullObject\NullObject.csproj", "{5C851D4B-69B8-4CFF-8EB8-57B674BB18B4}"
EndProject
Project("{FAE04EC0-301F-11D3-BF4B-00C04F79EFBC}") = "Multiton", "Multiton\Multiton.csproj", "{F4715C89-7778-472E-AE8B-37B5FB4EEADD}"
EndProject
Global
	GlobalSection(SolutionConfigurationPlatforms) = preSolution
		Debug|Any CPU = Debug|Any CPU
		Release|Any CPU = Release|Any CPU
	EndGlobalSection
	GlobalSection(ProjectConfigurationPlatforms) = postSolution
		{A3C05A60-6A0C-4026-923F-93F6B2A47844}.Debug|Any CPU.ActiveCfg = Debug|Any CPU
		{A3C05A60-6A0C-4026-923F-93F6B2A47844}.Debug|Any CPU.Build.0 = Debug|Any CPU
		{A3C05A60-6A0C-4026-923F-93F6B2A47844}.Release|Any CPU.ActiveCfg = Release|Any CPU
		{A3C05A60-6A0C-4026-923F-93F6B2A47844}.Release|Any CPU.Build.0 = Release|Any CPU
		{03690C12-4B19-4F3F-9644-AEC30DBE61CA}.Debug|Any CPU.ActiveCfg = Debug|Any CPU
		{03690C12-4B19-4F3F-9644-AEC30DBE61CA}.Debug|Any CPU.Build.0 = Debug|Any CPU
		{03690C12-4B19-4F3F-9644-AEC30DBE61CA}.Release|Any CPU.ActiveCfg = Release|Any CPU
		{03690C12-4B19-4F3F-9644-AEC30DBE61CA}.Release|Any CPU.Build.0 = Release|Any CPU
		{AEA1692A-5DCF-4F2F-948F-413D074FE382}.Debug|Any CPU.ActiveCfg = Debug|Any CPU
		{AEA1692A-5DCF-4F2F-948F-413D074FE382}.Debug|Any CPU.Build.0 = Debug|Any CPU
		{AEA1692A-5DCF-4F2F-948F-413D074FE382}.Release|Any CPU.ActiveCfg = Release|Any CPU
		{AEA1692A-5DCF-4F2F-948F-413D074FE382}.Release|Any CPU.Build.0 = Release|Any CPU
		{EEDD1B08-44E7-44CC-AC32-E523C0A85778}.Debug|Any CPU.ActiveCfg = Debug|Any CPU
		{EEDD1B08-44E7-44CC-AC32-E523C0A85778}.Debug|Any CPU.Build.0 = Debug|Any CPU
		{EEDD1B08-44E7-44CC-AC32-E523C0A85778}.Release|Any CPU.ActiveCfg = Release|Any CPU
		{EEDD1B08-44E7-44CC-AC32-E523C0A85778}.Release|Any CPU.Build.0 = Release|Any CPU
		{3DB6057B-B73F-41DA-B7A6-B4DA8FD63F77}.Debug|Any CPU.ActiveCfg = Debug|Any CPU
		{3DB6057B-B73F-41DA-B7A6-B4DA8FD63F77}.Debug|Any CPU.Build.0 = Debug|Any CPU
		{3DB6057B-B73F-41DA-B7A6-B4DA8FD63F77}.Release|Any CPU.ActiveCfg = Release|Any CPU
		{3DB6057B-B73F-41DA-B7A6-B4DA8FD63F77}.Release|Any CPU.Build.0 = Release|Any CPU
		{95D2B0F2-5DCD-4E8C-9276-B33A001D8217}.Debug|Any CPU.ActiveCfg = Debug|Any CPU
		{95D2B0F2-5DCD-4E8C-9276-B33A001D8217}.Debug|Any CPU.Build.0 = Debug|Any CPU
		{95D2B0F2-5DCD-4E8C-9276-B33A001D8217}.Release|Any CPU.ActiveCfg = Release|Any CPU
		{95D2B0F2-5DCD-4E8C-9276-B33A001D8217}.Release|Any CPU.Build.0 = Release|Any CPU
		{AC75918F-71BC-46E8-8E02-3DDB89EF6D12}.Debug|Any CPU.ActiveCfg = Debug|Any CPU
		{AC75918F-71BC-46E8-8E02-3DDB89EF6D12}.Debug|Any CPU.Build.0 = Debug|Any CPU
		{AC75918F-71BC-46E8-8E02-3DDB89EF6D12}.Release|Any CPU.ActiveCfg = Release|Any CPU
		{AC75918F-71BC-46E8-8E02-3DDB89EF6D12}.Release|Any CPU.Build.0 = Release|Any CPU
		{93CD0A11-E6A6-485D-98CD-FEE7F04B2A23}.Debug|Any CPU.ActiveCfg = Debug|Any CPU
		{93CD0A11-E6A6-485D-98CD-FEE7F04B2A23}.Debug|Any CPU.Build.0 = Debug|Any CPU
		{93CD0A11-E6A6-485D-98CD-FEE7F04B2A23}.Release|Any CPU.ActiveCfg = Release|Any CPU
		{93CD0A11-E6A6-485D-98CD-FEE7F04B2A23}.Release|Any CPU.Build.0 = Release|Any CPU
		{B05145A5-2B3F-4C1E-8B87-8BFA41017BE1}.Debug|Any CPU.ActiveCfg = Debug|Any CPU
		{B05145A5-2B3F-4C1E-8B87-8BFA41017BE1}.Debug|Any CPU.Build.0 = Debug|Any CPU
		{B05145A5-2B3F-4C1E-8B87-8BFA41017BE1}.Release|Any CPU.ActiveCfg = Release|Any CPU
		{B05145A5-2B3F-4C1E-8B87-8BFA41017BE1}.Release|Any CPU.Build.0 = Release|Any CPU
		{5EA18AB4-81CD-46E1-B975-670507A3EEF6}.Debug|Any CPU.ActiveCfg = Debug|Any CPU
		{5EA18AB4-81CD-46E1-B975-670507A3EEF6}.Debug|Any CPU.Build.0 = Debug|Any CPU
		{5EA18AB4-81CD-46E1-B975-670507A3EEF6}.Release|Any CPU.ActiveCfg = Release|Any CPU
		{5EA18AB4-81CD-46E1-B975-670507A3EEF6}.Release|Any CPU.Build.0 = Release|Any CPU
		{54A7FB84-3D15-4159-8059-61705CFF2B89}.Debug|Any CPU.ActiveCfg = Debug|Any CPU
		{54A7FB84-3D15-4159-8059-61705CFF2B89}.Debug|Any CPU.Build.0 = Debug|Any CPU
		{54A7FB84-3D15-4159-8059-61705CFF2B89}.Release|Any CPU.ActiveCfg = Release|Any CPU
		{54A7FB84-3D15-4159-8059-61705CFF2B89}.Release|Any CPU.Build.0 = Release|Any CPU
		{604EF039-7F21-4987-9DE0-40069D6109DC}.Debug|Any CPU.ActiveCfg = Debug|Any CPU
		{604EF039-7F21-4987-9DE0-40069D6109DC}.Debug|Any CPU.Build.0 = Debug|Any CPU
		{604EF039-7F21-4987-9DE0-40069D6109DC}.Release|Any CPU.ActiveCfg = Release|Any CPU
		{604EF039-7F21-4987-9DE0-40069D6109DC}.Release|Any CPU.Build.0 = Release|Any CPU
		{2183FB3E-3A55-4F7F-A183-64AD0EFF302C}.Debug|Any CPU.ActiveCfg = Debug|Any CPU
		{2183FB3E-3A55-4F7F-A183-64AD0EFF302C}.Debug|Any CPU.Build.0 = Debug|Any CPU
		{2183FB3E-3A55-4F7F-A183-64AD0EFF302C}.Release|Any CPU.ActiveCfg = Release|Any CPU
		{2183FB3E-3A55-4F7F-A183-64AD0EFF302C}.Release|Any CPU.Build.0 = Release|Any CPU
		{F3F84B71-40B9-4A6A-A00C-5D59A9BD58F8}.Debug|Any CPU.ActiveCfg = Debug|Any CPU
		{F3F84B71-40B9-4A6A-A00C-5D59A9BD58F8}.Debug|Any CPU.Build.0 = Debug|Any CPU
		{F3F84B71-40B9-4A6A-A00C-5D59A9BD58F8}.Release|Any CPU.ActiveCfg = Release|Any CPU
		{F3F84B71-40B9-4A6A-A00C-5D59A9BD58F8}.Release|Any CPU.Build.0 = Release|Any CPU
		{1D36AAC6-AB81-487C-8506-20B33CAB9A7E}.Debug|Any CPU.ActiveCfg = Debug|Any CPU
		{1D36AAC6-AB81-487C-8506-20B33CAB9A7E}.Debug|Any CPU.Build.0 = Debug|Any CPU
		{1D36AAC6-AB81-487C-8506-20B33CAB9A7E}.Release|Any CPU.ActiveCfg = Release|Any CPU
		{1D36AAC6-AB81-487C-8506-20B33CAB9A7E}.Release|Any CPU.Build.0 = Release|Any CPU
		{F9CAFC19-F909-4863-8054-0D3E6C01FC73}.Debug|Any CPU.ActiveCfg = Debug|Any CPU
		{F9CAFC19-F909-4863-8054-0D3E6C01FC73}.Debug|Any CPU.Build.0 = Debug|Any CPU
		{F9CAFC19-F909-4863-8054-0D3E6C01FC73}.Release|Any CPU.ActiveCfg = Release|Any CPU
		{F9CAFC19-F909-4863-8054-0D3E6C01FC73}.Release|Any CPU.Build.0 = Release|Any CPU
		{D0250532-A936-4F37-B5F4-7AFD2A57984B}.Debug|Any CPU.ActiveCfg = Debug|Any CPU
		{D0250532-A936-4F37-B5F4-7AFD2A57984B}.Debug|Any CPU.Build.0 = Debug|Any CPU
		{D0250532-A936-4F37-B5F4-7AFD2A57984B}.Release|Any CPU.ActiveCfg = Release|Any CPU
		{D0250532-A936-4F37-B5F4-7AFD2A57984B}.Release|Any CPU.Build.0 = Release|Any CPU
		{1674BA51-9A12-434F-AE82-E2B68E357A69}.Debug|Any CPU.ActiveCfg = Debug|Any CPU
		{1674BA51-9A12-434F-AE82-E2B68E357A69}.Debug|Any CPU.Build.0 = Debug|Any CPU
		{1674BA51-9A12-434F-AE82-E2B68E357A69}.Release|Any CPU.ActiveCfg = Release|Any CPU
		{1674BA51-9A12-434F-AE82-E2B68E357A69}.Release|Any CPU.Build.0 = Release|Any CPU
		{77D863B4-285F-4EA9-B901-8D557EE82ADB}.Debug|Any CPU.ActiveCfg = Debug|Any CPU
		{77D863B4-285F-4EA9-B901-8D557EE82ADB}.Debug|Any CPU.Build.0 = Debug|Any CPU
		{77D863B4-285F-4EA9-B901-8D557EE82ADB}.Release|Any CPU.ActiveCfg = Release|Any CPU
		{77D863B4-285F-4EA9-B901-8D557EE82ADB}.Release|Any CPU.Build.0 = Release|Any CPU
		{B793958A-597A-498E-9AA0-2E6D5B714871}.Debug|Any CPU.ActiveCfg = Debug|Any CPU
		{B793958A-597A-498E-9AA0-2E6D5B714871}.Debug|Any CPU.Build.0 = Debug|Any CPU
		{B793958A-597A-498E-9AA0-2E6D5B714871}.Release|Any CPU.ActiveCfg = Release|Any CPU
		{B793958A-597A-498E-9AA0-2E6D5B714871}.Release|Any CPU.Build.0 = Release|Any CPU
		{7EA1BF53-E11E-48D1-B8D4-9864D716E1A3}.Debug|Any CPU.ActiveCfg = Debug|Any CPU
		{7EA1BF53-E11E-48D1-B8D4-9864D716E1A3}.Debug|Any CPU.Build.0 = Debug|Any CPU
		{7EA1BF53-E11E-48D1-B8D4-9864D716E1A3}.Release|Any CPU.ActiveCfg = Release|Any CPU
		{7EA1BF53-E11E-48D1-B8D4-9864D716E1A3}.Release|Any CPU.Build.0 = Release|Any CPU
		{5C851D4B-69B8-4CFF-8EB8-57B674BB18B4}.Debug|Any CPU.ActiveCfg = Debug|Any CPU
		{5C851D4B-69B8-4CFF-8EB8-57B674BB18B4}.Debug|Any CPU.Build.0 = Debug|Any CPU
		{5C851D4B-69B8-4CFF-8EB8-57B674BB18B4}.Release|Any CPU.ActiveCfg = Release|Any CPU
		{5C851D4B-69B8-4CFF-8EB8-57B674BB18B4}.Release|Any CPU.Build.0 = Release|Any CPU
		{F4715C89-7778-472E-AE8B-37B5FB4EEADD}.Debug|Any CPU.ActiveCfg = Debug|Any CPU
		{F4715C89-7778-472E-AE8B-37B5FB4EEADD}.Debug|Any CPU.Build.0 = Debug|Any CPU
		{F4715C89-7778-472E-AE8B-37B5FB4EEADD}.Release|Any CPU.ActiveCfg = Release|Any CPU
		{F4715C89-7778-472E-AE8B-37B5FB4EEADD}.Release|Any CPU.Build.0 = Release|Any CPU
	EndGlobalSection
	GlobalSection(SolutionProperties) = preSolution
		HideSolutionNode = FALSE
	EndGlobalSection
	GlobalSection(ExtensibilityGlobals) = postSolution
		SolutionGuid = {852F33A6-7183-47D9-B78D-BFD06A29D198}
	EndGlobalSection
EndGlobal
